
Microsoft Visual Studio Solution File, Format Version 12.00
# Visual Studio 15
VisualStudioVersion = 15.0.28124.53
MinimumVisualStudioVersion = 10.0.40219.1
Project("{FAE04EC0-301F-11D3-BF4B-00C04F79EFBC}") = "Lab2_task1", "Lab2_task1\Lab2_task1.csproj", "{78553864-65E4-43C1-BA12-49738DDC9E93}"
EndProject
Project("{FAE04EC0-301F-11D3-BF4B-00C04F79EFBC}") = "Lab2_task2", "Lab2_task2\Lab2_task2.csproj", "{C8BB561B-CAAB-4862-9BA8-AA6CFFD8BFA8}"
EndProject
Project("{FAE04EC0-301F-11D3-BF4B-00C04F79EFBC}") = "Lab2_task3", "Lab2_task3\Lab2_task3.csproj", "{9E971CC1-B010-47F8-9778-7B2B527A6996}"
EndProject
Project("{FAE04EC0-301F-11D3-BF4B-00C04F79EFBC}") = "Lab3_task1", "Lab3_task1\Lab3_task1.csproj", "{91AF8C91-CF29-4611-AE9C-99F2900EA677}"
EndProject
Project("{FAE04EC0-301F-11D3-BF4B-00C04F79EFBC}") = "Lab3_task2", "Lab3_task2\Lab3_task2.csproj", "{818AB83F-9866-4F61-A9DE-BD1AF462980E}"
EndProject
Project("{FAE04EC0-301F-11D3-BF4B-00C04F79EFBC}") = "Lab4", "Lab4\Lab4.csproj", "{39BEFFE9-1CA3-4C39-A006-F63AE96D93E2}"
EndProject
Project("{FAE04EC0-301F-11D3-BF4B-00C04F79EFBC}") = "lab5_task2", "lab5_task2\lab5_task2.csproj", "{BAB42247-9CB3-444E-A180-F809720A5E9E}"
EndProject
Project("{FAE04EC0-301F-11D3-BF4B-00C04F79EFBC}") = "lab5_task3", "lab5_task3\lab5_task3.csproj", "{FFCC52F7-44F9-43C7-A8D8-E82D95E05AF9}"
EndProject
Project("{FAE04EC0-301F-11D3-BF4B-00C04F79EFBC}") = "Lab5_task1", "Lab5_task1\Lab5_task1.csproj", "{5D6F307A-5CB4-4D33-BDE5-DB9525B33781}"
EndProject
Global
	GlobalSection(SolutionConfigurationPlatforms) = preSolution
		Debug|Any CPU = Debug|Any CPU
		Release|Any CPU = Release|Any CPU
	EndGlobalSection
	GlobalSection(ProjectConfigurationPlatforms) = postSolution
		{78553864-65E4-43C1-BA12-49738DDC9E93}.Debug|Any CPU.ActiveCfg = Debug|Any CPU
		{78553864-65E4-43C1-BA12-49738DDC9E93}.Debug|Any CPU.Build.0 = Debug|Any CPU
		{78553864-65E4-43C1-BA12-49738DDC9E93}.Release|Any CPU.ActiveCfg = Release|Any CPU
		{78553864-65E4-43C1-BA12-49738DDC9E93}.Release|Any CPU.Build.0 = Release|Any CPU
		{C8BB561B-CAAB-4862-9BA8-AA6CFFD8BFA8}.Debug|Any CPU.ActiveCfg = Debug|Any CPU
		{C8BB561B-CAAB-4862-9BA8-AA6CFFD8BFA8}.Debug|Any CPU.Build.0 = Debug|Any CPU
		{C8BB561B-CAAB-4862-9BA8-AA6CFFD8BFA8}.Release|Any CPU.ActiveCfg = Release|Any CPU
		{C8BB561B-CAAB-4862-9BA8-AA6CFFD8BFA8}.Release|Any CPU.Build.0 = Release|Any CPU
		{9E971CC1-B010-47F8-9778-7B2B527A6996}.Debug|Any CPU.ActiveCfg = Debug|Any CPU
		{9E971CC1-B010-47F8-9778-7B2B527A6996}.Debug|Any CPU.Build.0 = Debug|Any CPU
		{9E971CC1-B010-47F8-9778-7B2B527A6996}.Release|Any CPU.ActiveCfg = Release|Any CPU
		{9E971CC1-B010-47F8-9778-7B2B527A6996}.Release|Any CPU.Build.0 = Release|Any CPU
		{91AF8C91-CF29-4611-AE9C-99F2900EA677}.Debug|Any CPU.ActiveCfg = Debug|Any CPU
		{91AF8C91-CF29-4611-AE9C-99F2900EA677}.Debug|Any CPU.Build.0 = Debug|Any CPU
		{91AF8C91-CF29-4611-AE9C-99F2900EA677}.Release|Any CPU.ActiveCfg = Release|Any CPU
		{91AF8C91-CF29-4611-AE9C-99F2900EA677}.Release|Any CPU.Build.0 = Release|Any CPU
		{818AB83F-9866-4F61-A9DE-BD1AF462980E}.Debug|Any CPU.ActiveCfg = Debug|Any CPU
		{818AB83F-9866-4F61-A9DE-BD1AF462980E}.Debug|Any CPU.Build.0 = Debug|Any CPU
		{818AB83F-9866-4F61-A9DE-BD1AF462980E}.Release|Any CPU.ActiveCfg = Release|Any CPU
		{818AB83F-9866-4F61-A9DE-BD1AF462980E}.Release|Any CPU.Build.0 = Release|Any CPU
		{39BEFFE9-1CA3-4C39-A006-F63AE96D93E2}.Debug|Any CPU.ActiveCfg = Debug|Any CPU
		{39BEFFE9-1CA3-4C39-A006-F63AE96D93E2}.Debug|Any CPU.Build.0 = Debug|Any CPU
		{39BEFFE9-1CA3-4C39-A006-F63AE96D93E2}.Release|Any CPU.ActiveCfg = Release|Any CPU
		{39BEFFE9-1CA3-4C39-A006-F63AE96D93E2}.Release|Any CPU.Build.0 = Release|Any CPU
		{BAB42247-9CB3-444E-A180-F809720A5E9E}.Debug|Any CPU.ActiveCfg = Debug|Any CPU
		{BAB42247-9CB3-444E-A180-F809720A5E9E}.Debug|Any CPU.Build.0 = Debug|Any CPU
		{BAB42247-9CB3-444E-A180-F809720A5E9E}.Release|Any CPU.ActiveCfg = Release|Any CPU
		{BAB42247-9CB3-444E-A180-F809720A5E9E}.Release|Any CPU.Build.0 = Release|Any CPU
		{FFCC52F7-44F9-43C7-A8D8-E82D95E05AF9}.Debug|Any CPU.ActiveCfg = Debug|Any CPU
		{FFCC52F7-44F9-43C7-A8D8-E82D95E05AF9}.Debug|Any CPU.Build.0 = Debug|Any CPU
		{FFCC52F7-44F9-43C7-A8D8-E82D95E05AF9}.Release|Any CPU.ActiveCfg = Release|Any CPU
		{FFCC52F7-44F9-43C7-A8D8-E82D95E05AF9}.Release|Any CPU.Build.0 = Release|Any CPU
		{5D6F307A-5CB4-4D33-BDE5-DB9525B33781}.Debug|Any CPU.ActiveCfg = Debug|Any CPU
		{5D6F307A-5CB4-4D33-BDE5-DB9525B33781}.Debug|Any CPU.Build.0 = Debug|Any CPU
		{5D6F307A-5CB4-4D33-BDE5-DB9525B33781}.Release|Any CPU.ActiveCfg = Release|Any CPU
		{5D6F307A-5CB4-4D33-BDE5-DB9525B33781}.Release|Any CPU.Build.0 = Release|Any CPU
	EndGlobalSection
	GlobalSection(SolutionProperties) = preSolution
		HideSolutionNode = FALSE
	EndGlobalSection
	GlobalSection(ExtensibilityGlobals) = postSolution
		SolutionGuid = {1A00E55C-77C5-4B71-B98A-BDEA75523715}
	EndGlobalSection
EndGlobal
