
Microsoft Visual Studio Solution File, Format Version 12.00
# Visual Studio 14
VisualStudioVersion = 14.0.25420.1
MinimumVisualStudioVersion = 10.0.40219.1
Project("{FAE04EC0-301F-11D3-BF4B-00C04F79EFBC}") = "Lab2_task1", "Lab2_task1\Lab2_task1.csproj", "{78553864-65E4-43C1-BA12-49738DDC9E93}"
EndProject
Project("{FAE04EC0-301F-11D3-BF4B-00C04F79EFBC}") = "Lab2_task2", "Lab2_task2\Lab2_task2.csproj", "{C8BB561B-CAAB-4862-9BA8-AA6CFFD8BFA8}"
EndProject
Project("{FAE04EC0-301F-11D3-BF4B-00C04F79EFBC}") = "Lab2_task3", "Lab2_task3\Lab2_task3.csproj", "{9E971CC1-B010-47F8-9778-7B2B527A6996}"
EndProject
Global
	GlobalSection(SolutionConfigurationPlatforms) = preSolution
		Debug|Any CPU = Debug|Any CPU
		Release|Any CPU = Release|Any CPU
	EndGlobalSection
	GlobalSection(ProjectConfigurationPlatforms) = postSolution
		{78553864-65E4-43C1-BA12-49738DDC9E93}.Debug|Any CPU.ActiveCfg = Debug|Any CPU
		{78553864-65E4-43C1-BA12-49738DDC9E93}.Debug|Any CPU.Build.0 = Debug|Any CPU
		{78553864-65E4-43C1-BA12-49738DDC9E93}.Release|Any CPU.ActiveCfg = Release|Any CPU
		{78553864-65E4-43C1-BA12-49738DDC9E93}.Release|Any CPU.Build.0 = Release|Any CPU
		{C8BB561B-CAAB-4862-9BA8-AA6CFFD8BFA8}.Debug|Any CPU.ActiveCfg = Debug|Any CPU
		{C8BB561B-CAAB-4862-9BA8-AA6CFFD8BFA8}.Debug|Any CPU.Build.0 = Debug|Any CPU
		{C8BB561B-CAAB-4862-9BA8-AA6CFFD8BFA8}.Release|Any CPU.ActiveCfg = Release|Any CPU
		{C8BB561B-CAAB-4862-9BA8-AA6CFFD8BFA8}.Release|Any CPU.Build.0 = Release|Any CPU
		{9E971CC1-B010-47F8-9778-7B2B527A6996}.Debug|Any CPU.ActiveCfg = Debug|Any CPU
		{9E971CC1-B010-47F8-9778-7B2B527A6996}.Debug|Any CPU.Build.0 = Debug|Any CPU
		{9E971CC1-B010-47F8-9778-7B2B527A6996}.Release|Any CPU.ActiveCfg = Release|Any CPU
		{9E971CC1-B010-47F8-9778-7B2B527A6996}.Release|Any CPU.Build.0 = Release|Any CPU
	EndGlobalSection
	GlobalSection(SolutionProperties) = preSolution
		HideSolutionNode = FALSE
	EndGlobalSection
	GlobalSection(ExtensibilityGlobals) = postSolution
		SolutionGuid = {1A00E55C-77C5-4B71-B98A-BDEA75523715}
	EndGlobalSection
EndGlobal
